
Microsoft Visual Studio Solution File, Format Version 12.00
# Visual Studio Version 16
VisualStudioVersion = 16.0.30114.105
MinimumVisualStudioVersion = 10.0.40219.1
Project("{FAE04EC0-301F-11D3-BF4B-00C04F79EFBC}") = "fabiostefani.io.solid.srp", "fabiostefani.io.solid.srp\fabiostefani.io.solid.srp.csproj", "{44BD5EA3-9423-42FB-B31F-20139D60E729}"
EndProject
Project("{FAE04EC0-301F-11D3-BF4B-00C04F79EFBC}") = "fabiostefani.io.solid.ocp", "fabiostefani.io.solid.ocp\fabiostefani.io.solid.ocp.csproj", "{12C8A660-B09F-4ACC-88A2-91FBCA190B84}"
EndProject
Project("{FAE04EC0-301F-11D3-BF4B-00C04F79EFBC}") = "fabiostefani.io.solid.lsp", "fabiostefani.io.solid.lsp\fabiostefani.io.solid.lsp.csproj", "{1DA24B2D-9D19-402C-A8F8-E3AFF27C80B9}"
EndProject
Project("{FAE04EC0-301F-11D3-BF4B-00C04F79EFBC}") = "fabiostefani.io.solid.isp", "fabiostefani.io.solid.isp\fabiostefani.io.solid.isp.csproj", "{6F176F73-DB69-4932-BADC-BD6C42D43860}"
EndProject
Global
	GlobalSection(SolutionConfigurationPlatforms) = preSolution
		Debug|Any CPU = Debug|Any CPU
		Release|Any CPU = Release|Any CPU
	EndGlobalSection
	GlobalSection(SolutionProperties) = preSolution
		HideSolutionNode = FALSE
	EndGlobalSection
	GlobalSection(ProjectConfigurationPlatforms) = postSolution
		{44BD5EA3-9423-42FB-B31F-20139D60E729}.Debug|Any CPU.ActiveCfg = Debug|Any CPU
		{44BD5EA3-9423-42FB-B31F-20139D60E729}.Debug|Any CPU.Build.0 = Debug|Any CPU
		{44BD5EA3-9423-42FB-B31F-20139D60E729}.Release|Any CPU.ActiveCfg = Release|Any CPU
		{44BD5EA3-9423-42FB-B31F-20139D60E729}.Release|Any CPU.Build.0 = Release|Any CPU
		{12C8A660-B09F-4ACC-88A2-91FBCA190B84}.Debug|Any CPU.ActiveCfg = Debug|Any CPU
		{12C8A660-B09F-4ACC-88A2-91FBCA190B84}.Debug|Any CPU.Build.0 = Debug|Any CPU
		{12C8A660-B09F-4ACC-88A2-91FBCA190B84}.Release|Any CPU.ActiveCfg = Release|Any CPU
		{12C8A660-B09F-4ACC-88A2-91FBCA190B84}.Release|Any CPU.Build.0 = Release|Any CPU
		{1DA24B2D-9D19-402C-A8F8-E3AFF27C80B9}.Debug|Any CPU.ActiveCfg = Debug|Any CPU
		{1DA24B2D-9D19-402C-A8F8-E3AFF27C80B9}.Debug|Any CPU.Build.0 = Debug|Any CPU
		{1DA24B2D-9D19-402C-A8F8-E3AFF27C80B9}.Release|Any CPU.ActiveCfg = Release|Any CPU
		{1DA24B2D-9D19-402C-A8F8-E3AFF27C80B9}.Release|Any CPU.Build.0 = Release|Any CPU
		{6F176F73-DB69-4932-BADC-BD6C42D43860}.Debug|Any CPU.ActiveCfg = Debug|Any CPU
		{6F176F73-DB69-4932-BADC-BD6C42D43860}.Debug|Any CPU.Build.0 = Debug|Any CPU
		{6F176F73-DB69-4932-BADC-BD6C42D43860}.Release|Any CPU.ActiveCfg = Release|Any CPU
		{6F176F73-DB69-4932-BADC-BD6C42D43860}.Release|Any CPU.Build.0 = Release|Any CPU
	EndGlobalSection
EndGlobal
